{
  "name": "EMPLOYEE PORTAL",
  "lockfileVersion": 3,
  "requires": true,
  "packages": {
    "": {
      "dependencies": {
        "bootstrap-table": "^1.27.3"
      }
    },
    "node_modules/bootstrap-table": {
      "version": "1.27.3",
      "resolved": "https://registry.npmjs.org/bootstrap-table/-/bootstrap-table-1.27.3.tgz",
      "integrity": "sha512-XB+8E5g72tdd18qcoV00pnz5PDl/w+sAaDrliJy11YZrJp3nj3Uw1KogblHYMsbeQW+FhAMJOu9HG8l0M8LyQA==",
      "license": "MIT",
      "peerDependencies": {
        "jquery": "3 || 4"
      }
    },
    "node_modules/jquery": {
      "version": "4.0.0",
      "resolved": "https://registry.npmjs.org/jquery/-/jquery-4.0.0.tgz",
      "integrity": "sha512-TXCHVR3Lb6TZdtw1l3RTLf8RBWVGexdxL6AC8/e0xZKEpBflBsjh9/8LXw+dkNFuOyW9B7iB3O1sP7hS0Kiacg==",
      "license": "MIT",
      "peer": true
    }
  }
}
